# This file was autogenerated by Stack.
# You should not edit this file by hand.
# For more information, please see the documentation at:
#   https://docs.haskellstack.org/en/stable/lock_files

packages:
- completed:
    hackage: hakyll-4.16.2.0@sha256:d98c0e2ed14ca2483ea52406f9c924e8fe383fd06c4c3b80ca5daf312f36c270,9997
    pantry-tree:
      sha256: 7e353fb6d50611d437c3c355ee5b50cc7b0e2ec805ee6a2deb89068d0840266f
      size: 9412
  original:
    hackage: hakyll-4.16.2.0@sha256:d98c0e2ed14ca2483ea52406f9c924e8fe383fd06c4c3b80ca5daf312f36c270,9997
- completed:
    hackage: hakyll-filestore-0.1.11@sha256:2cda281348580e11ac802f748965fea1fee03b77c3e8b98446dcc096e209b949,1160
    pantry-tree:
      sha256: 50a53bc9766fdee6dab938d6b7fba7a8cff23a5adae9fe835d7f90e2ac3bf757
      size: 476
  original:
    hackage: hakyll-filestore-0.1.11@sha256:2cda281348580e11ac802f748965fea1fee03b77c3e8b98446dcc096e209b949,1160
- completed:
    hackage: filestore-0.6.5@sha256:c7926f679e7f31af247f52c13e2060b9d94641180e17a0bed9768a1040c53ded,3247
    pantry-tree:
      sha256: b1c4c18e2f9c54e59a351349535378645a85c19b70ad578dbb1520e270842cc3
      size: 927
  original:
    hackage: filestore-0.6.5@sha256:c7926f679e7f31af247f52c13e2060b9d94641180e17a0bed9768a1040c53ded,3247
snapshots:
- completed:
    sha256: 428ec8d5ce932190d3cbe266b9eb3c175cd81e984babf876b64019e2cbe4ea68
    size: 590100
    url: https://raw.githubusercontent.com/commercialhaskell/stackage-snapshots/master/lts/18/28.yaml
  original: lts-18.28
