# This file was autogenerated by Stack.
# You should not edit this file by hand.
# For more information, please see the documentation at:
#   https://docs.haskellstack.org/en/stable/lock_files

packages:
- completed:
    hackage: filestore-0.6.3.4@sha256:0b78ba9848f445b05235de57ddfad4f7b5c180651d047b9c8f67f41ff88c50e1,3106
    pantry-tree:
      size: 984
      sha256: 3fa1febb2eaf8e6db8df4bf941e511dab45ed5a120e0c056e298fb88a09d6685
  original:
    hackage: filestore-0.6.3.4
- completed:
    hackage: hakyll-filestore-0.1.6@sha256:29913ba96bab6fc7ded801e6fd6cb9e1c678c6994bd7bc7bc73764816babaa49,1163
    pantry-tree:
      size: 522
      sha256: 0f4d5c96785ff165a563e8dfcaf3a3f57d7a37da6fe828109243099174e5114e
  original:
    hackage: hakyll-filestore-0.1.6
- completed:
    hackage: haskell-src-exts-1.21.0@sha256:02421cacaa48c055551b8e5796efc543301b7ea9527a38e1385403d2b85512fb,4467
    pantry-tree:
      size: 95555
      sha256: f3842ca5aa0653ba819e68c930b24c35ff9b13d14a73efcc016a3ebe9caa33cf
  original:
    hackage: haskell-src-exts-1.21.0@sha256:02421cacaa48c055551b8e5796efc543301b7ea9527a38e1385403d2b85512fb
snapshots:
- completed:
    size: 509471
    url: https://raw.githubusercontent.com/commercialhaskell/stackage-snapshots/master/lts/12/26.yaml
    sha256: 95f014df58d0679b1c4a2b7bf2b652b61da8d30de5f571abb0d59015ef678646
  original: lts-12.26
